
Microsoft Visual Studio Solution File, Format Version 12.00
# Visual Studio Version 16
VisualStudioVersion = 16.0.31321.278
MinimumVisualStudioVersion = 10.0.40219.1
Project("{FAE04EC0-301F-11D3-BF4B-00C04F79EFBC}") = "HW.05.Quadratic.Formula", "HW.05.Quadratic.Formula\HW.05.Quadratic.Formula.csproj", "{8AD2D786-8640-41D7-898C-B9BBE7AA7895}"
EndProject
Global
	GlobalSection(SolutionConfigurationPlatforms) = preSolution
		Debug|Any CPU = Debug|Any CPU
		Release|Any CPU = Release|Any CPU
	EndGlobalSection
	GlobalSection(ProjectConfigurationPlatforms) = postSolution
		{8AD2D786-8640-41D7-898C-B9BBE7AA7895}.Debug|Any CPU.ActiveCfg = Debug|Any CPU
		{8AD2D786-8640-41D7-898C-B9BBE7AA7895}.Debug|Any CPU.Build.0 = Debug|Any CPU
		{8AD2D786-8640-41D7-898C-B9BBE7AA7895}.Release|Any CPU.ActiveCfg = Release|Any CPU
		{8AD2D786-8640-41D7-898C-B9BBE7AA7895}.Release|Any CPU.Build.0 = Release|Any CPU
	EndGlobalSection
	GlobalSection(SolutionProperties) = preSolution
		HideSolutionNode = FALSE
	EndGlobalSection
	GlobalSection(ExtensibilityGlobals) = postSolution
		SolutionGuid = {8A4413EA-D897-4242-9F83-19A15E551C83}
	EndGlobalSection
EndGlobal
