
Microsoft Visual Studio Solution File, Format Version 12.00
# Visual Studio Version 16
VisualStudioVersion = 16.0.31321.278
MinimumVisualStudioVersion = 10.0.40219.1
Project("{FAE04EC0-301F-11D3-BF4B-00C04F79EFBC}") = "HW.02.Image", "HW.02.Image\HW.02.Image.csproj", "{D1750A33-E61B-43C3-BB34-FEF37B514938}"
EndProject
Global
	GlobalSection(SolutionConfigurationPlatforms) = preSolution
		Debug|Any CPU = Debug|Any CPU
		Release|Any CPU = Release|Any CPU
	EndGlobalSection
	GlobalSection(ProjectConfigurationPlatforms) = postSolution
		{D1750A33-E61B-43C3-BB34-FEF37B514938}.Debug|Any CPU.ActiveCfg = Debug|Any CPU
		{D1750A33-E61B-43C3-BB34-FEF37B514938}.Debug|Any CPU.Build.0 = Debug|Any CPU
		{D1750A33-E61B-43C3-BB34-FEF37B514938}.Release|Any CPU.ActiveCfg = Release|Any CPU
		{D1750A33-E61B-43C3-BB34-FEF37B514938}.Release|Any CPU.Build.0 = Release|Any CPU
	EndGlobalSection
	GlobalSection(SolutionProperties) = preSolution
		HideSolutionNode = FALSE
	EndGlobalSection
	GlobalSection(ExtensibilityGlobals) = postSolution
		SolutionGuid = {A66B343C-5382-404D-A3EE-AF901984F2B7}
	EndGlobalSection
EndGlobal
