
Microsoft Visual Studio Solution File, Format Version 12.00
# Visual Studio Version 16
VisualStudioVersion = 16.0.31321.278
MinimumVisualStudioVersion = 10.0.40219.1
Project("{FAE04EC0-301F-11D3-BF4B-00C04F79EFBC}") = "HW.03.Casting", "HW.03.Casting\HW.03.Casting.csproj", "{7325A776-1065-45A1-9875-11061F6E322F}"
EndProject
Global
	GlobalSection(SolutionConfigurationPlatforms) = preSolution
		Debug|Any CPU = Debug|Any CPU
		Release|Any CPU = Release|Any CPU
	EndGlobalSection
	GlobalSection(ProjectConfigurationPlatforms) = postSolution
		{7325A776-1065-45A1-9875-11061F6E322F}.Debug|Any CPU.ActiveCfg = Debug|Any CPU
		{7325A776-1065-45A1-9875-11061F6E322F}.Debug|Any CPU.Build.0 = Debug|Any CPU
		{7325A776-1065-45A1-9875-11061F6E322F}.Release|Any CPU.ActiveCfg = Release|Any CPU
		{7325A776-1065-45A1-9875-11061F6E322F}.Release|Any CPU.Build.0 = Release|Any CPU
	EndGlobalSection
	GlobalSection(SolutionProperties) = preSolution
		HideSolutionNode = FALSE
	EndGlobalSection
	GlobalSection(ExtensibilityGlobals) = postSolution
		SolutionGuid = {3D6530F7-5468-483F-AF40-1755FB44FAFB}
	EndGlobalSection
EndGlobal
